{
  "requires": true,
  "lockfileVersion": 1,
  "dependencies": {
    "@angular-material-extensions/google-maps-autocomplete": {
      "version": "1.5.0",
      "resolved": "https://registry.npmjs.org/@angular-material-extensions/google-maps-autocomplete/-/google-maps-autocomplete-1.5.0.tgz",
      "integrity": "sha512-Ncoz3OXIbwk2Nib/oZeFqwkbzFvr/IqWjO3CExGuYMf5MPK8++VMU0Kf9qXCK4dEEwxX5EClNr7Gg8QL5w8S8w=="
    }
  }
}
